
Microsoft Visual Studio Solution File, Format Version 12.00
# Visual Studio Version 17
VisualStudioVersion = 17.8.34511.84
MinimumVisualStudioVersion = 10.0.40219.1
Project("{FAE04EC0-301F-11D3-BF4B-00C04F79EFBC}") = "ConsoleApp4", "ConsoleApp4\ConsoleApp4.csproj", "{09E226B6-AF44-4D9C-A855-225436CA252C}"
EndProject
Global
	GlobalSection(SolutionConfigurationPlatforms) = preSolution
		Debug|Any CPU = Debug|Any CPU
		Release|Any CPU = Release|Any CPU
	EndGlobalSection
	GlobalSection(ProjectConfigurationPlatforms) = postSolution
		{09E226B6-AF44-4D9C-A855-225436CA252C}.Debug|Any CPU.ActiveCfg = Debug|Any CPU
		{09E226B6-AF44-4D9C-A855-225436CA252C}.Debug|Any CPU.Build.0 = Debug|Any CPU
		{09E226B6-AF44-4D9C-A855-225436CA252C}.Release|Any CPU.ActiveCfg = Release|Any CPU
		{09E226B6-AF44-4D9C-A855-225436CA252C}.Release|Any CPU.Build.0 = Release|Any CPU
	EndGlobalSection
	GlobalSection(SolutionProperties) = preSolution
		HideSolutionNode = FALSE
	EndGlobalSection
	GlobalSection(ExtensibilityGlobals) = postSolution
		SolutionGuid = {EF5E7219-F1FC-4AEE-92E6-B7A1797CDFFF}
	EndGlobalSection
EndGlobal
